# Code generated by scarb DO NOT EDIT.
version = 1

[[package]]
name = "openzeppelin"
version = "0.8.0"
source = "git+https://github.com/OpenZeppelin/cairo-contracts.git?tag=v0.8.0#c23e8e96de60e6e3159b1ff8591a1187269c0eb7"

[[package]]
name = "snforge_std"
version = "0.1.0"
source = "git+https://github.com/foundry-rs/starknet-foundry.git?tag=v0.6.0#edd2e3562975ee3de69c0fe7b8af01414d2761c1"

[[package]]
name = "web3mq_bridge_contract"
version = "0.0.1"
dependencies = [
 "openzeppelin",
 "snforge_std",
]
